
Microsoft Visual Studio Solution File, Format Version 12.00
# Visual Studio 14
VisualStudioVersion = 14.0.23107.0
MinimumVisualStudioVersion = 10.0.40219.1
Project("{E24C65DC-7377-472B-9ABA-BC803B73C61A}") = "CRM.PowerPane.Extensions", "CRM.PowerPane.Extensions\", "{A2CCB5AA-0FC0-40A2-B8CE-06754CA9ED4C}"
	ProjectSection(WebsiteProperties) = preProject
		TargetFrameworkMoniker = ".NETFramework,Version%3Dv4.0"
		Debug.AspNetCompiler.VirtualPath = "/localhost_59891"
		Debug.AspNetCompiler.PhysicalPath = "CRM.PowerPane.Extensions\"
		Debug.AspNetCompiler.TargetPath = "PrecompiledWeb\localhost_59891\"
		Debug.AspNetCompiler.Updateable = "true"
		Debug.AspNetCompiler.ForceOverwrite = "true"
		Debug.AspNetCompiler.FixedNames = "false"
		Debug.AspNetCompiler.Debug = "True"
		Release.AspNetCompiler.VirtualPath = "/localhost_59891"
		Release.AspNetCompiler.PhysicalPath = "CRM.PowerPane.Extensions\"
		Release.AspNetCompiler.TargetPath = "PrecompiledWeb\localhost_59891\"
		Release.AspNetCompiler.Updateable = "true"
		Release.AspNetCompiler.ForceOverwrite = "true"
		Release.AspNetCompiler.FixedNames = "false"
		Release.AspNetCompiler.Debug = "False"
		VWDPort = "59891"
		SlnRelativePath = "CRM.PowerPane.Extensions\"
	EndProjectSection
EndProject
Global
	GlobalSection(SolutionConfigurationPlatforms) = preSolution
		Debug|Any CPU = Debug|Any CPU
	EndGlobalSection
	GlobalSection(ProjectConfigurationPlatforms) = postSolution
		{A2CCB5AA-0FC0-40A2-B8CE-06754CA9ED4C}.Debug|Any CPU.ActiveCfg = Debug|Any CPU
		{A2CCB5AA-0FC0-40A2-B8CE-06754CA9ED4C}.Debug|Any CPU.Build.0 = Debug|Any CPU
	EndGlobalSection
	GlobalSection(SolutionProperties) = preSolution
		HideSolutionNode = FALSE
	EndGlobalSection
EndGlobal
